
Microsoft Visual Studio Solution File, Format Version 12.00
# Visual Studio Version 17
VisualStudioVersion = 17.4.33103.184
MinimumVisualStudioVersion = 10.0.40219.1
Project("{9A19103F-16F7-4668-BE54-9A1E7A4F7556}") = "WebApi.Api", "WebApi.Api\WebApi.Api.csproj", "{B51D7B8E-BBF2-4A9A-B150-56DE53A60E0C}"
EndProject
Project("{9A19103F-16F7-4668-BE54-9A1E7A4F7556}") = "WebApi.Test", "WebApi.Test\WebApi.Test.csproj", "{4CE23485-01BC-4433-BCDB-B531CBB7E010}"
EndProject
Project("{9A19103F-16F7-4668-BE54-9A1E7A4F7556}") = "WebApi.Bdd.Test", "WebApi.Bdd.Test\WebApi.Bdd.Test.csproj", "{53EE81E3-BA4C-4A36-AEA7-CCE3B6F8EDDC}"
EndProject
Global
	GlobalSection(SolutionConfigurationPlatforms) = preSolution
		Debug|Any CPU = Debug|Any CPU
		Release|Any CPU = Release|Any CPU
	EndGlobalSection
	GlobalSection(ProjectConfigurationPlatforms) = postSolution
		{B51D7B8E-BBF2-4A9A-B150-56DE53A60E0C}.Debug|Any CPU.ActiveCfg = Debug|Any CPU
		{B51D7B8E-BBF2-4A9A-B150-56DE53A60E0C}.Debug|Any CPU.Build.0 = Debug|Any CPU
		{B51D7B8E-BBF2-4A9A-B150-56DE53A60E0C}.Release|Any CPU.ActiveCfg = Release|Any CPU
		{B51D7B8E-BBF2-4A9A-B150-56DE53A60E0C}.Release|Any CPU.Build.0 = Release|Any CPU
		{4CE23485-01BC-4433-BCDB-B531CBB7E010}.Debug|Any CPU.ActiveCfg = Debug|Any CPU
		{4CE23485-01BC-4433-BCDB-B531CBB7E010}.Debug|Any CPU.Build.0 = Debug|Any CPU
		{4CE23485-01BC-4433-BCDB-B531CBB7E010}.Release|Any CPU.ActiveCfg = Release|Any CPU
		{4CE23485-01BC-4433-BCDB-B531CBB7E010}.Release|Any CPU.Build.0 = Release|Any CPU
		{53EE81E3-BA4C-4A36-AEA7-CCE3B6F8EDDC}.Debug|Any CPU.ActiveCfg = Debug|Any CPU
		{53EE81E3-BA4C-4A36-AEA7-CCE3B6F8EDDC}.Debug|Any CPU.Build.0 = Debug|Any CPU
		{53EE81E3-BA4C-4A36-AEA7-CCE3B6F8EDDC}.Release|Any CPU.ActiveCfg = Release|Any CPU
		{53EE81E3-BA4C-4A36-AEA7-CCE3B6F8EDDC}.Release|Any CPU.Build.0 = Release|Any CPU
	EndGlobalSection
	GlobalSection(SolutionProperties) = preSolution
		HideSolutionNode = FALSE
	EndGlobalSection
	GlobalSection(ExtensibilityGlobals) = postSolution
		SolutionGuid = {5B1EA79A-FCA2-4C91-AE47-4893F7BD714C}
	EndGlobalSection
EndGlobal
